
Microsoft Visual Studio Solution File, Format Version 12.00
# Visual Studio Version 17
VisualStudioVersion = 17.9.34622.214
MinimumVisualStudioVersion = 10.0.40219.1
Project("{FAE04EC0-301F-11D3-BF4B-00C04F79EFBC}") = "Excerise_!", "Excerise_!.csproj", "{1DD3B0C9-F7CA-4463-B61D-8DFF6B85786B}"
EndProject
Global
	GlobalSection(SolutionConfigurationPlatforms) = preSolution
		Debug|Any CPU = Debug|Any CPU
		Release|Any CPU = Release|Any CPU
	EndGlobalSection
	GlobalSection(ProjectConfigurationPlatforms) = postSolution
		{1DD3B0C9-F7CA-4463-B61D-8DFF6B85786B}.Debug|Any CPU.ActiveCfg = Debug|Any CPU
		{1DD3B0C9-F7CA-4463-B61D-8DFF6B85786B}.Debug|Any CPU.Build.0 = Debug|Any CPU
		{1DD3B0C9-F7CA-4463-B61D-8DFF6B85786B}.Release|Any CPU.ActiveCfg = Release|Any CPU
		{1DD3B0C9-F7CA-4463-B61D-8DFF6B85786B}.Release|Any CPU.Build.0 = Release|Any CPU
	EndGlobalSection
	GlobalSection(SolutionProperties) = preSolution
		HideSolutionNode = FALSE
	EndGlobalSection
	GlobalSection(ExtensibilityGlobals) = postSolution
		SolutionGuid = {5812718C-A93F-4ACC-80D0-8BFC0FB3CA35}
	EndGlobalSection
EndGlobal
